
Microsoft Visual Studio Solution File, Format Version 12.00
# Visual Studio 15
VisualStudioVersion = 15.0.28307.438
MinimumVisualStudioVersion = 10.0.40219.1
Project("{FAE04EC0-301F-11D3-BF4B-00C04F79EFBC}") = "Ex2", "Ex2\Ex2.csproj", "{EBE76EA5-9B71-4BC9-AA60-E40099B49761}"
EndProject
Global
	GlobalSection(SolutionConfigurationPlatforms) = preSolution
		Debug|Any CPU = Debug|Any CPU
		Debug|x64 = Debug|x64
		Release|Any CPU = Release|Any CPU
		Release|x64 = Release|x64
	EndGlobalSection
	GlobalSection(ProjectConfigurationPlatforms) = postSolution
		{EBE76EA5-9B71-4BC9-AA60-E40099B49761}.Debug|Any CPU.ActiveCfg = Debug|Any CPU
		{EBE76EA5-9B71-4BC9-AA60-E40099B49761}.Debug|Any CPU.Build.0 = Debug|Any CPU
		{EBE76EA5-9B71-4BC9-AA60-E40099B49761}.Debug|x64.ActiveCfg = Debug|x64
		{EBE76EA5-9B71-4BC9-AA60-E40099B49761}.Debug|x64.Build.0 = Debug|x64
		{EBE76EA5-9B71-4BC9-AA60-E40099B49761}.Release|Any CPU.ActiveCfg = Release|Any CPU
		{EBE76EA5-9B71-4BC9-AA60-E40099B49761}.Release|Any CPU.Build.0 = Release|Any CPU
		{EBE76EA5-9B71-4BC9-AA60-E40099B49761}.Release|x64.ActiveCfg = Release|x64
		{EBE76EA5-9B71-4BC9-AA60-E40099B49761}.Release|x64.Build.0 = Release|x64
	EndGlobalSection
	GlobalSection(SolutionProperties) = preSolution
		HideSolutionNode = FALSE
	EndGlobalSection
	GlobalSection(ExtensibilityGlobals) = postSolution
		SolutionGuid = {E5B28E6F-996F-435A-829E-0C9D7AEB7801}
	EndGlobalSection
EndGlobal
